<?xml version="1.0" encoding="UTF-8"?>
<CONFIG>
  <ProjectOptions>
    <Version Value="12"/>
    <General>
      <Flags>
        <MainUnitHasCreateFormStatements Value="False"/>
        <MainUnitHasTitleStatement Value="False"/>
        <MainUnitHasScaledStatement Value="False"/>
      </Flags>
      <SessionStorage Value="InProjectDir"/>
      <Title Value="aoc24tests"/>
      <UseAppBundle Value="False"/>
      <ResourceType Value="res"/>
    </General>
    <BuildModes>
      <Item Name="Debug" Default="True"/>
    </BuildModes>
    <PublishOptions>
      <Version Value="2"/>
      <UseFileFilters Value="True"/>
    </PublishOptions>
    <RunParams>
      <FormatVersion Value="2"/>
    </RunParams>
    <RequiredPackages>
      <Item>
        <PackageName Value="LCL"/>
      </Item>
      <Item>
        <PackageName Value="regexpr"/>
        <DependencyType Value="FPMake"/>
      </Item>
      <Item>
        <PackageName Value="rtl-generics"/>
        <DependencyType Value="FPMake"/>
      </Item>
      <Item>
        <PackageName Value="rtl-console"/>
        <DependencyType Value="FPMake"/>
      </Item>
      <Item>
        <PackageName Value="FCL"/>
      </Item>
    </RequiredPackages>
    <Units>
      <Unit>
        <Filename Value="src/testrunner.pas"/>
        <IsPartOfProject Value="True"/>
        <UnitName Value="TestRunner"/>
      </Unit>
      <Unit>
        <Filename Value="src/aoc.generic.pas"/>
        <IsPartOfProject Value="True"/>
        <UnitName Value="AOC.Generic"/>
      </Unit>
      <Unit>
        <Filename Value="src/aoc.pas"/>
        <IsPartOfProject Value="True"/>
        <UnitName Value="AOC"/>
      </Unit>
      <Unit>
        <Filename Value="src/aoc.tests.pas"/>
        <IsPartOfProject Value="True"/>
        <UnitName Value="AOC.Tests"/>
      </Unit>
      <Unit>
        <Filename Value="src/days.inc"/>
        <IsPartOfProject Value="True"/>
      </Unit>
      <Unit>
        <Filename Value="src/easycsv.pas"/>
        <IsPartOfProject Value="True"/>
      </Unit>
      <Unit>
        <Filename Value="src/day01.pas"/>
        <IsPartOfProject Value="True"/>
        <UnitName Value="Day01"/>
      </Unit>
      <Unit>
        <Filename Value="src/day02.pas"/>
        <IsPartOfProject Value="True"/>
        <UnitName Value="Day02"/>
      </Unit>
      <Unit>
        <Filename Value="src/day03.pas"/>
        <IsPartOfProject Value="True"/>
        <UnitName Value="Day03"/>
      </Unit>
      <Unit>
        <Filename Value="src/day04.pas"/>
        <IsPartOfProject Value="True"/>
        <UnitName Value="Day04"/>
      </Unit>
      <Unit>
        <Filename Value="src/day05.pas"/>
        <IsPartOfProject Value="True"/>
        <UnitName Value="Day05"/>
      </Unit>
      <Unit>
        <Filename Value="src/day06.pas"/>
        <IsPartOfProject Value="True"/>
        <UnitName Value="Day06"/>
      </Unit>
      <Unit>
        <Filename Value="src/day07.pas"/>
        <IsPartOfProject Value="True"/>
        <UnitName Value="Day07"/>
      </Unit>
      <Unit>
        <Filename Value="src/day08.pas"/>
        <IsPartOfProject Value="True"/>
        <UnitName Value="Day08"/>
      </Unit>
      <Unit>
        <Filename Value="src/day09.pas"/>
        <IsPartOfProject Value="True"/>
        <UnitName Value="Day09"/>
      </Unit>
      <Unit>
        <Filename Value="src/day10.pas"/>
        <IsPartOfProject Value="True"/>
        <UnitName Value="Day10"/>
      </Unit>
      <Unit>
        <Filename Value="src/day11.pas"/>
        <IsPartOfProject Value="True"/>
        <UnitName Value="Day11"/>
      </Unit>
      <Unit>
        <Filename Value="src/day12.pas"/>
        <IsPartOfProject Value="True"/>
        <UnitName Value="Day12"/>
      </Unit>
      <Unit>
        <Filename Value="src/day13.pas"/>
        <IsPartOfProject Value="True"/>
        <UnitName Value="Day13"/>
      </Unit>
      <Unit>
        <Filename Value="src/day14.pas"/>
        <IsPartOfProject Value="True"/>
        <UnitName Value="Day14"/>
      </Unit>
      <Unit>
        <Filename Value="src/day15.pas"/>
        <IsPartOfProject Value="True"/>
        <UnitName Value="Day15"/>
      </Unit>
      <Unit>
        <Filename Value="src/day16.pas"/>
        <IsPartOfProject Value="True"/>
        <UnitName Value="Day16"/>
      </Unit>
      <Unit>
        <Filename Value="src/day17.pas"/>
        <IsPartOfProject Value="True"/>
        <UnitName Value="Day17"/>
      </Unit>
    </Units>
  </ProjectOptions>
  <CompilerOptions>
    <Version Value="11"/>
    <Target>
      <Filename Value="bin/$(TargetCPU)-$(TargetOS)-debug/aoc24tests"/>
    </Target>
    <SearchPaths>
      <IncludeFiles Value="src;$(ProjOutDir)"/>
      <OtherUnitFiles Value="src"/>
      <UnitOutputDirectory Value="units/$(TargetCPU)-$(TargetOS)-debug"/>
    </SearchPaths>
    <Parsing>
      <SyntaxOptions>
        <IncludeAssertionCode Value="True"/>
      </SyntaxOptions>
    </Parsing>
    <CodeGeneration>
      <Checks>
        <IOChecks Value="True"/>
        <RangeChecks Value="True"/>
        <OverflowChecks Value="True"/>
        <StackChecks Value="True"/>
      </Checks>
      <VerifyObjMethodCallValidity Value="True"/>
    </CodeGeneration>
    <Linking>
      <Debugging>
        <DebugInfoType Value="dsDwarf3"/>
        <UseHeaptrc Value="True"/>
        <TrashVariables Value="True"/>
        <UseExternalDbgSyms Value="True"/>
      </Debugging>
    </Linking>
    <Other>
      <CustomOptions Value="-dTESTING"/>
      <OtherDefines Count="1">
        <Define0 Value="TESTING"/>
      </OtherDefines>
    </Other>
  </CompilerOptions>
  <Debugging>
    <Exceptions>
      <Item>
        <Name Value="EAbort"/>
      </Item>
      <Item>
        <Name Value="ECodetoolError"/>
      </Item>
      <Item>
        <Name Value="EFOpenError"/>
      </Item>
      <Item>
        <Name Value="EAssertionFailedError"/>
      </Item>
    </Exceptions>
  </Debugging>
</CONFIG>
